{
  "name": "pmt-common-components",
  "version": "0.0.1",
  "lockfileVersion": 1,
  "requires": true,
  "dependencies": {
    "@angular/cdk": {
      "version": "10.1.1",
      "resolved": "https://registry.npmjs.org/@angular/cdk/-/cdk-10.1.1.tgz",
      "integrity": "sha512-Gt9TmqSVxPTmuNkApEuvva25U60WW152r9+vL7ViFgG+297RE7tzUU8ffBwMXZMdtXnrhLKqLv6ZaBhihMM2Kw==",
      "requires": {
        "parse5": "^5.0.0",
        "tslib": "^2.0.0"
      }
    },
    "@angular/common": {
      "version": "10.0.7",
      "resolved": "https://registry.npmjs.org/@angular/common/-/common-10.0.7.tgz",
      "integrity": "sha512-CPjmbjylbMG0eFLWz7TCaxONDcwuldcvEheEwaBGS3RloHVsa+ry/8r6/7YilQkscdNPUazhX8pIzzrxIf9cBQ==",
      "requires": {
        "tslib": "^2.0.0"
      }
    },
    "@angular/core": {
      "version": "10.0.7",
      "resolved": "https://registry.npmjs.org/@angular/core/-/core-10.0.7.tgz",
      "integrity": "sha512-h8R/2TCIFkagrFl6zmPN34gS5ZtQ1soYDI8dDeLj0+oQ+qH8HncoRgzYl+1+agFvUeYQ2pkwc5i635j/LwC++Q==",
      "requires": {
        "tslib": "^2.0.0"
      }
    },
    "@angular/material": {
      "version": "10.1.1",
      "resolved": "https://registry.npmjs.org/@angular/material/-/material-10.1.1.tgz",
      "integrity": "sha512-D9VXwW2ieDUvkQD1VVEX6bxIdCaK6uA6jHpMU2ZLTIQ/EzNRDRwmJbr4rqPhxtHmLMXF+66EBXEjgyV7l91h5g==",
      "requires": {
        "tslib": "^2.0.0"
      }
    },
    "parse5": {
      "version": "5.1.1",
      "resolved": "https://registry.npmjs.org/parse5/-/parse5-5.1.1.tgz",
      "integrity": "sha512-ugq4DFI0Ptb+WWjAdOK16+u/nHfiIrcE+sh8kZMaM0WllQKLI9rOUq6c2b7cwPkXdzfQESqvoqK6ug7U/Yyzug==",
      "optional": true
    },
    "tslib": {
      "version": "2.0.0",
      "resolved": "https://registry.npmjs.org/tslib/-/tslib-2.0.0.tgz",
      "integrity": "sha512-lTqkx847PI7xEDYJntxZH89L2/aXInsyF2luSafe/+0fHOMjlBNXdH6th7f70qxLDhul7KZK0zC8V5ZIyHl0/g=="
    }
  }
}
